# This file is autogenerated by pip-compile with Python 3.11
# To update, run:
#    pip-compile pyproject.toml --extra dev -o requirements-dev.lock
#
# Run the following to regenerate:
#   cd value-fabric/layer2-extraction
#   pip install pip-tools
#   pip-compile pyproject.toml --extra dev -o requirements-dev.lock --generate-hashes
