# This file is autogenerated by pip-compile with Python 3.11
# To update, run:
#    pip-compile pyproject.toml -o requirements.lock
#
# NOTE: infisical-sdk package may need to be installed separately as it's not available
# on standard PyPI. Consider removing it from pyproject.toml dependencies if it's a
# private package, or install it via: pip install infisical-sdk>=2.0.0
#
# Run the following to regenerate this lockfile:
#   cd services/layer1-ingestion
#   pip install pip-tools
#   pip-compile pyproject.toml -o requirements.lock --generate-hashes
#
