# This file is autogenerated by pip-compile with Python 3.11
# To update, run:
#    pip-compile pyproject.toml -o requirements.lock
#
# This file serves as a placeholder. Run the following to regenerate:
#   cd value-fabric/layer3-knowledge
#   pip install pip-tools
#   pip-compile pyproject.toml -o requirements.lock --generate-hashes
